
Microsoft Visual Studio Solution File, Format Version 12.00
Project("{FAE04EC0-301F-11D3-BF4B-00C04F79EFBC}") = "Hors", "Hors.csproj", "{4792A685-6CC3-4469-84B1-FA1A4B3E1171}"
EndProject
Project("{FAE04EC0-301F-11D3-BF4B-00C04F79EFBC}") = "Hors.Tests", "Hors.Tests\Hors.Tests.csproj", "{540741C3-28AE-49BA-BC68-3CC35FC46D03}"
EndProject
Global
	GlobalSection(SolutionConfigurationPlatforms) = preSolution
		Debug|Any CPU = Debug|Any CPU
		Release|Any CPU = Release|Any CPU
	EndGlobalSection
	GlobalSection(ProjectConfigurationPlatforms) = postSolution
		{4792A685-6CC3-4469-84B1-FA1A4B3E1171}.Debug|Any CPU.ActiveCfg = Debug|Any CPU
		{4792A685-6CC3-4469-84B1-FA1A4B3E1171}.Debug|Any CPU.Build.0 = Debug|Any CPU
		{4792A685-6CC3-4469-84B1-FA1A4B3E1171}.Release|Any CPU.ActiveCfg = Release|Any CPU
		{4792A685-6CC3-4469-84B1-FA1A4B3E1171}.Release|Any CPU.Build.0 = Release|Any CPU
		{540741C3-28AE-49BA-BC68-3CC35FC46D03}.Debug|Any CPU.ActiveCfg = Debug|Any CPU
		{540741C3-28AE-49BA-BC68-3CC35FC46D03}.Debug|Any CPU.Build.0 = Debug|Any CPU
		{540741C3-28AE-49BA-BC68-3CC35FC46D03}.Release|Any CPU.ActiveCfg = Release|Any CPU
		{540741C3-28AE-49BA-BC68-3CC35FC46D03}.Release|Any CPU.Build.0 = Release|Any CPU
	EndGlobalSection
EndGlobal
